
Microsoft Visual Studio Solution File, Format Version 12.00
# Visual Studio Version 17
VisualStudioVersion = 17.6.33829.357
MinimumVisualStudioVersion = 10.0.40219.1
Project("{FAE04EC0-301F-11D3-BF4B-00C04F79EFBC}") = "SANEKTİS", "SANEKTİS\SANEKTİS.csproj", "{0990A42D-23D7-46F2-BAFE-4678719FE125}"
EndProject
Global
	GlobalSection(SolutionConfigurationPlatforms) = preSolution
		Debug|Any CPU = Debug|Any CPU
		Release|Any CPU = Release|Any CPU
	EndGlobalSection
	GlobalSection(ProjectConfigurationPlatforms) = postSolution
		{0990A42D-23D7-46F2-BAFE-4678719FE125}.Debug|Any CPU.ActiveCfg = Debug|Any CPU
		{0990A42D-23D7-46F2-BAFE-4678719FE125}.Debug|Any CPU.Build.0 = Debug|Any CPU
		{0990A42D-23D7-46F2-BAFE-4678719FE125}.Release|Any CPU.ActiveCfg = Release|Any CPU
		{0990A42D-23D7-46F2-BAFE-4678719FE125}.Release|Any CPU.Build.0 = Release|Any CPU
	EndGlobalSection
	GlobalSection(SolutionProperties) = preSolution
		HideSolutionNode = FALSE
	EndGlobalSection
	GlobalSection(ExtensibilityGlobals) = postSolution
		SolutionGuid = {40369B97-314B-4B3F-81C2-EB0A0FE422DC}
	EndGlobalSection
EndGlobal
